{"is_source_file": false, "format": "", "description": "", "external_files": [], "external_methods": [], "published": [], "classes": [], "methods": [], "calls": [], "search-terms": [], "state": 2, "file_id": 10, "knowledge_revision": 19, "git_revision": "38af8b04c9eceb1c5fb241690da78e7a0c1b6935", "hash": "9c4ed7ef73e22b872b8055bec08b8979", "format-version": 4, "code-base-name": "default", "filename": "di_maria_homecoming/post_process_status.lock", "revision_history": [{"19": "38af8b04c9eceb1c5fb241690da78e7a0c1b6935"}]}